
Microsoft Visual Studio Solution File, Format Version 12.00
# Visual Studio 15
VisualStudioVersion = 15.0.28307.168
MinimumVisualStudioVersion = 10.0.40219.1
Project("{FAE04EC0-301F-11D3-BF4B-00C04F79EFBC}") = "TerritoryHelperUtilClient", "ExcelNPOI\TerritoryHelperUtilClient.csproj", "{539ABE30-A902-43AF-98E1-EF577E8D6542}"
EndProject
Project("{FAE04EC0-301F-11D3-BF4B-00C04F79EFBC}") = "TerritoryHelperWPFApp", "TerritoryHelperWPFApp\TerritoryHelperWPFApp.csproj", "{5C29D05A-C42E-47C6-ACB6-AD07790372FB}"
EndProject
Global
	GlobalSection(SolutionConfigurationPlatforms) = preSolution
		Debug|Any CPU = Debug|Any CPU
		Release|Any CPU = Release|Any CPU
	EndGlobalSection
	GlobalSection(ProjectConfigurationPlatforms) = postSolution
		{539ABE30-A902-43AF-98E1-EF577E8D6542}.Debug|Any CPU.ActiveCfg = Debug|Any CPU
		{539ABE30-A902-43AF-98E1-EF577E8D6542}.Debug|Any CPU.Build.0 = Debug|Any CPU
		{539ABE30-A902-43AF-98E1-EF577E8D6542}.Release|Any CPU.ActiveCfg = Release|Any CPU
		{539ABE30-A902-43AF-98E1-EF577E8D6542}.Release|Any CPU.Build.0 = Release|Any CPU
		{5C29D05A-C42E-47C6-ACB6-AD07790372FB}.Debug|Any CPU.ActiveCfg = Debug|Any CPU
		{5C29D05A-C42E-47C6-ACB6-AD07790372FB}.Debug|Any CPU.Build.0 = Debug|Any CPU
		{5C29D05A-C42E-47C6-ACB6-AD07790372FB}.Release|Any CPU.ActiveCfg = Release|Any CPU
		{5C29D05A-C42E-47C6-ACB6-AD07790372FB}.Release|Any CPU.Build.0 = Release|Any CPU
	EndGlobalSection
	GlobalSection(SolutionProperties) = preSolution
		HideSolutionNode = FALSE
	EndGlobalSection
	GlobalSection(ExtensibilityGlobals) = postSolution
		SolutionGuid = {B75660EE-2748-4EE6-AFA1-C9B43210BF29}
	EndGlobalSection
EndGlobal
